
Microsoft Visual Studio Solution File, Format Version 12.00
# Visual Studio 15
VisualStudioVersion = 15.0.28010.2048
MinimumVisualStudioVersion = 10.0.40219.1
Project("{FAE04EC0-301F-11D3-BF4B-00C04F79EFBC}") = "Jardin_UTN", "Jardin_UTN\Jardin_UTN.csproj", "{22F36D8A-1A06-4ECF-8F2A-6FAA0BB84140}"
EndProject
Project("{FAE04EC0-301F-11D3-BF4B-00C04F79EFBC}") = "Entidades", "Entidades\Entidades.csproj", "{8F17E510-CA73-4B03-811C-50625988284A}"
EndProject
Project("{FAE04EC0-301F-11D3-BF4B-00C04F79EFBC}") = "UnitTestJardin", "UnitTestJardin\UnitTestJardin.csproj", "{B044C1AE-E913-4075-86E6-DC0009C446ED}"
EndProject
Global
	GlobalSection(SolutionConfigurationPlatforms) = preSolution
		Debug|Any CPU = Debug|Any CPU
		Release|Any CPU = Release|Any CPU
	EndGlobalSection
	GlobalSection(ProjectConfigurationPlatforms) = postSolution
		{22F36D8A-1A06-4ECF-8F2A-6FAA0BB84140}.Debug|Any CPU.ActiveCfg = Debug|Any CPU
		{22F36D8A-1A06-4ECF-8F2A-6FAA0BB84140}.Debug|Any CPU.Build.0 = Debug|Any CPU
		{22F36D8A-1A06-4ECF-8F2A-6FAA0BB84140}.Release|Any CPU.ActiveCfg = Release|Any CPU
		{22F36D8A-1A06-4ECF-8F2A-6FAA0BB84140}.Release|Any CPU.Build.0 = Release|Any CPU
		{8F17E510-CA73-4B03-811C-50625988284A}.Debug|Any CPU.ActiveCfg = Debug|Any CPU
		{8F17E510-CA73-4B03-811C-50625988284A}.Debug|Any CPU.Build.0 = Debug|Any CPU
		{8F17E510-CA73-4B03-811C-50625988284A}.Release|Any CPU.ActiveCfg = Release|Any CPU
		{8F17E510-CA73-4B03-811C-50625988284A}.Release|Any CPU.Build.0 = Release|Any CPU
		{B044C1AE-E913-4075-86E6-DC0009C446ED}.Debug|Any CPU.ActiveCfg = Debug|Any CPU
		{B044C1AE-E913-4075-86E6-DC0009C446ED}.Debug|Any CPU.Build.0 = Debug|Any CPU
		{B044C1AE-E913-4075-86E6-DC0009C446ED}.Release|Any CPU.ActiveCfg = Release|Any CPU
		{B044C1AE-E913-4075-86E6-DC0009C446ED}.Release|Any CPU.Build.0 = Release|Any CPU
	EndGlobalSection
	GlobalSection(SolutionProperties) = preSolution
		HideSolutionNode = FALSE
	EndGlobalSection
	GlobalSection(ExtensibilityGlobals) = postSolution
		SolutionGuid = {ACF7582A-16C9-4F60-AADC-170D5A2E5D08}
	EndGlobalSection
EndGlobal
